
Microsoft Visual Studio Solution File, Format Version 12.00
# Visual Studio Version 17
VisualStudioVersion = 17.5.33502.453
MinimumVisualStudioVersion = 10.0.40219.1
Project("{FAE04EC0-301F-11D3-BF4B-00C04F79EFBC}") = "Calax.UWP", "Calax.UWP\Calax.UWP.csproj", "{F8A211F3-9313-4980-A7A9-4A4C5FCE162C}"
EndProject
Global
	GlobalSection(SolutionConfigurationPlatforms) = preSolution
		Debug|Any CPU = Debug|Any CPU
		Debug|ARM = Debug|ARM
		Debug|ARM64 = Debug|ARM64
		Debug|x64 = Debug|x64
		Debug|x86 = Debug|x86
		Release|Any CPU = Release|Any CPU
		Release|ARM = Release|ARM
		Release|ARM64 = Release|ARM64
		Release|x64 = Release|x64
		Release|x86 = Release|x86
	EndGlobalSection
	GlobalSection(ProjectConfigurationPlatforms) = postSolution
		{F8A211F3-9313-4980-A7A9-4A4C5FCE162C}.Debug|Any CPU.ActiveCfg = Debug|x64
		{F8A211F3-9313-4980-A7A9-4A4C5FCE162C}.Debug|Any CPU.Build.0 = Debug|x64
		{F8A211F3-9313-4980-A7A9-4A4C5FCE162C}.Debug|Any CPU.Deploy.0 = Debug|x64
		{F8A211F3-9313-4980-A7A9-4A4C5FCE162C}.Debug|ARM.ActiveCfg = Debug|ARM
		{F8A211F3-9313-4980-A7A9-4A4C5FCE162C}.Debug|ARM.Build.0 = Debug|ARM
		{F8A211F3-9313-4980-A7A9-4A4C5FCE162C}.Debug|ARM.Deploy.0 = Debug|ARM
		{F8A211F3-9313-4980-A7A9-4A4C5FCE162C}.Debug|ARM64.ActiveCfg = Debug|ARM64
		{F8A211F3-9313-4980-A7A9-4A4C5FCE162C}.Debug|ARM64.Build.0 = Debug|ARM64
		{F8A211F3-9313-4980-A7A9-4A4C5FCE162C}.Debug|ARM64.Deploy.0 = Debug|ARM64
		{F8A211F3-9313-4980-A7A9-4A4C5FCE162C}.Debug|x64.ActiveCfg = Debug|x64
		{F8A211F3-9313-4980-A7A9-4A4C5FCE162C}.Debug|x64.Build.0 = Debug|x64
		{F8A211F3-9313-4980-A7A9-4A4C5FCE162C}.Debug|x64.Deploy.0 = Debug|x64
		{F8A211F3-9313-4980-A7A9-4A4C5FCE162C}.Debug|x86.ActiveCfg = Debug|x86
		{F8A211F3-9313-4980-A7A9-4A4C5FCE162C}.Debug|x86.Build.0 = Debug|x86
		{F8A211F3-9313-4980-A7A9-4A4C5FCE162C}.Debug|x86.Deploy.0 = Debug|x86
		{F8A211F3-9313-4980-A7A9-4A4C5FCE162C}.Release|Any CPU.ActiveCfg = Release|x64
		{F8A211F3-9313-4980-A7A9-4A4C5FCE162C}.Release|Any CPU.Build.0 = Release|x64
		{F8A211F3-9313-4980-A7A9-4A4C5FCE162C}.Release|Any CPU.Deploy.0 = Release|x64
		{F8A211F3-9313-4980-A7A9-4A4C5FCE162C}.Release|ARM.ActiveCfg = Release|ARM
		{F8A211F3-9313-4980-A7A9-4A4C5FCE162C}.Release|ARM.Build.0 = Release|ARM
		{F8A211F3-9313-4980-A7A9-4A4C5FCE162C}.Release|ARM.Deploy.0 = Release|ARM
		{F8A211F3-9313-4980-A7A9-4A4C5FCE162C}.Release|ARM64.ActiveCfg = Release|ARM64
		{F8A211F3-9313-4980-A7A9-4A4C5FCE162C}.Release|ARM64.Build.0 = Release|ARM64
		{F8A211F3-9313-4980-A7A9-4A4C5FCE162C}.Release|ARM64.Deploy.0 = Release|ARM64
		{F8A211F3-9313-4980-A7A9-4A4C5FCE162C}.Release|x64.ActiveCfg = Release|x64
		{F8A211F3-9313-4980-A7A9-4A4C5FCE162C}.Release|x64.Build.0 = Release|x64
		{F8A211F3-9313-4980-A7A9-4A4C5FCE162C}.Release|x64.Deploy.0 = Release|x64
		{F8A211F3-9313-4980-A7A9-4A4C5FCE162C}.Release|x86.ActiveCfg = Release|x86
		{F8A211F3-9313-4980-A7A9-4A4C5FCE162C}.Release|x86.Build.0 = Release|x86
		{F8A211F3-9313-4980-A7A9-4A4C5FCE162C}.Release|x86.Deploy.0 = Release|x86
	EndGlobalSection
	GlobalSection(SolutionProperties) = preSolution
		HideSolutionNode = FALSE
	EndGlobalSection
	GlobalSection(ExtensibilityGlobals) = postSolution
		SolutionGuid = {442CA5C5-160B-4C72-AFB7-2B08EE5CB1CD}
	EndGlobalSection
EndGlobal
